
Microsoft Visual Studio Solution File, Format Version 12.00
# Visual Studio Version 17
VisualStudioVersion = 17.10.34916.146
MinimumVisualStudioVersion = 10.0.40219.1
Project("{FAE04EC0-301F-11D3-BF4B-00C04F79EFBC}") = "quo international", "quo international\quo international.csproj", "{394EDE78-785C-43A8-8EBB-93D5FB877E01}"
EndProject
Global
	GlobalSection(SolutionConfigurationPlatforms) = preSolution
		Debug|Any CPU = Debug|Any CPU
		Release|Any CPU = Release|Any CPU
	EndGlobalSection
	GlobalSection(ProjectConfigurationPlatforms) = postSolution
		{394EDE78-785C-43A8-8EBB-93D5FB877E01}.Debug|Any CPU.ActiveCfg = Debug|Any CPU
		{394EDE78-785C-43A8-8EBB-93D5FB877E01}.Debug|Any CPU.Build.0 = Debug|Any CPU
		{394EDE78-785C-43A8-8EBB-93D5FB877E01}.Release|Any CPU.ActiveCfg = Release|Any CPU
		{394EDE78-785C-43A8-8EBB-93D5FB877E01}.Release|Any CPU.Build.0 = Release|Any CPU
	EndGlobalSection
	GlobalSection(SolutionProperties) = preSolution
		HideSolutionNode = FALSE
	EndGlobalSection
	GlobalSection(ExtensibilityGlobals) = postSolution
		SolutionGuid = {AB3B2238-1A64-41C7-A382-D28FCBAF3BE7}
	EndGlobalSection
EndGlobal
